github.com/1and1/oneandone-cloudserver-sdk-go v1.0.1 h1:RMTyvS5bjvSWiUcfqfr/E2pxHEMrALvU+E12n6biymg=
github.com/1and1/oneandone-cloudserver-sdk-go v1.0.1/go.mod h1:61apmbkVJH4kg+38ftT+/l0XxdUCVnHggqcOTqZRSEE=
github.com/Azure/azure-sdk-for-go v17.3.1+incompatible h1:9Nzge8xxnYm5lVRkvTpG1odiDN0fYDorQwVEaVfg1+g=
github.com/Azure/azure-sdk-for-go v17.3.1+incompatible/go.mod h1:9XXNKU+eRnpl9moKnB4QOLf1HestfXbmab5FXxiDBjc=
github.com/Azure/go-autorest v10.12.0+incompatible h1:6YphwUK+oXbzvCc1fd5VrnxCekwzDkpA7gUEbci2MvI=
github.com/Azure/go-autorest v10.12.0+incompatible/go.mod h1:r+4oMnoxhatjLLJ6zxSWATqVooLgysK6ZNox3g/xq24=
github.com/Azure/go-ntlmssp v0.0.0-20180810175552-4a21cbd618b4 h1:pSm8mp0T2OH2CPmPDPtwHPr3VAQaOwVF/JbllOPP4xA=
github.com/Azure/go-ntlmssp v0.0.0-20180810175552-4a21cbd618b4/go.mod h1:chxPXzSsl7ZWRAuOIE23GDNzjWuZquvFlgA8xmpunjU=
github.com/ChrisTrenkamp/goxpath v0.0.0-20170625215350-4fe035839290 h1:K9I21XUHNbYD3GNMmJBN0UKJCpdP+glftwNZ7Bo8kqY=
github.com/ChrisTrenkamp/goxpath v0.0.0-20170625215350-4fe035839290/go.mod h1:nuWgzSkT5PnyOd+272uUmV0dnAnAn42Mk7PiQC5VzN4=
github.com/NaverCloudPlatform/ncloud-sdk-go v0.0.0-20180110055012-c2e73f942591 h1:/P9HCl71+Eh6vDbKNyRu+rpIIR70UCZWNOGexVV3e6k=
github.com/NaverCloudPlatform/ncloud-sdk-go v0.0.0-20180110055012-c2e73f942591/go.mod h1:EHGzQGbwozJBj/4qj3WGrTJ0FqjgOTOxLQ0VNWvPn08=
github.com/aliyun/aliyun-oss-go-sdk v0.0.0-20170113022742-e6dbea820a9f h1:jI4DIE5Vf4oRaHfthB0oRhU+yuYuoOTurDzwAlskP00=
github.com/aliyun/aliyun-oss-go-sdk v0.0.0-20170113022742-e6dbea820a9f/go.mod h1:T/Aws4fEfogEE9v+HPhhw+CntffsBHJ8nXQCwKr0/g8=
github.com/antchfx/xpath v0.0.0-20170728053731-b5c552e1acbd/go.mod h1:Yee4kTMuNiPYJ7nSNorELQMr1J33uOpXDMByNYhvtNk=
github.com/antchfx/xquery v0.0.0-20170730121040-eb8c3c172607/go.mod h1:LzD22aAzDP8/dyiCKFp31He4m2GPjl0AFyzDtZzUu9M=
github.com/approvals/go-approval-tests v0.0.0-20160714161514-ad96e53bea43/go.mod h1:S6puKjZ9ZeqUPBv2hEBnMZGcM2J6mOsDRQcmxkMAND0=
github.com/armon/go-metrics v0.0.0-20180713145231-3c58d8115a78 h1:mdRSArcFLfW0VoL34LZAKSz6LkkK4jFxVx2xYavACMg=
github.com/armon/go-metrics v0.0.0-20180713145231-3c58d8115a78/go.mod h1:Q73ZrmVTwzkszR9V5SSuryQ31EELlFMUz1kKyl939pY=
github.com/armon/go-radix v0.0.0-20160115234725-4239b77079c7 h1:MBXhrxjNkjdqJysfNbKMMPFNXlz6EzpOnPcsoYBeD3E=
github.com/armon/go-radix v0.0.0-20160115234725-4239b77079c7/go.mod h1:ufUuZ+zHj4x4TnLV4JWEpy2hxWSpsRywHrMgIH9cCH8=
github.com/aws/aws-sdk-go v1.15.54 h1:yNFryYgHYlEuNnMM74EZgAaOM2BsJvu77/ev9I9GHlU=
github.com/aws/aws-sdk-go v1.15.54/go.mod h1:mFuSZ37Z9YOHbQEwBWztmVzqXrEkub65tZoCYDt7FT0=
github.com/bgentry/speakeasy v0.0.0-20150902231413-36e9cfdd6909 h1:mUVWHQ4tjVv86uJhxSbYqwdz4o+Imcl6HoZtoaqC3zM=
github.com/bgentry/speakeasy v0.0.0-20150902231413-36e9cfdd6909/go.mod h1:+zsyZBPWlz7T6j88CTgSN5bM796AkVf0kBD4zp0CCIs=
github.com/biogo/hts v0.0.0-20160420073057-50da7d4131a3 h1:3b+p838vN4sc37brz9W2HDphtSwZFcXZwFLyzm5Vk28=
github.com/biogo/hts v0.0.0-20160420073057-50da7d4131a3/go.mod h1:YOY5xnRf7Jz2SZCLSKgVfyqNzbRgyTznM3HyDqQMxcU=
github.com/cheggaaa/pb v1.0.26 h1:cxVZXxXCTNW7yYwnrTAhJ42LcWrLjp676j+y1AmmLKA=
github.com/cheggaaa/pb v1.0.26/go.mod h1:pQciLPpbU0oxA0h+VJYYLxO+XeDQb5pZijXscXHm81s=
github.com/creack/goselect v0.0.0-20180210034346-528c74964609 h1:FSxXMd2wCHj6GqgBdo4UtVA9R2aieIDvSniepqyOppU=
github.com/creack/goselect v0.0.0-20180210034346-528c74964609/go.mod h1:gHrIcH/9UZDn2qgeTUeW5K9eZsVYCH6/60J/FHysWyE=
github.com/davecgh/go-spew v1.1.0/go.mod h1:J7Y8YcW2NihsgmVo/mv3lAwl/skON4iLHjSsI+c5H38=
github.com/denverdino/aliyungo v0.0.0-20180417075537-ebad04655e03 h1:NYqwUkb/ypX8OZmBDpPPbZ4npAPjlGFXZ4aSOyRzRL8=
github.com/denverdino/aliyungo v0.0.0-20180417075537-ebad04655e03/go.mod h1:dV8lFg6daOBZbT6/BDGIz6Y3WFGn8juu6G+CQ6LHtl0=
github.com/dgrijalva/jwt-go v3.2.0+incompatible h1:7qlOGliEKZXTDg6OTjfoBKDXWrumCAMpl/TFQ4/5kLM=
github.com/dgrijalva/jwt-go v3.2.0+incompatible/go.mod h1:E3ru+11k8xSBh+hMPgOLZmtrrCbhqsmaPHjLKYnJCaQ=
github.com/digitalocean/godo v0.0.0-20170407151542-4c04abe183f4 h1:34XBbvedApvUMZY6E6Q95ksnpl+FtX+KF3ywZzZY6X0=
github.com/digitalocean/godo v0.0.0-20170407151542-4c04abe183f4/go.mod h1:h6faOIcZ8lWIwNQ+DN7b3CgX4Kwby5T+nbpNqkUIozU=
github.com/docker/docker v0.0.0-20170406124027-fa3e2d5ab9b5 h1:V/WghsgVPZl+92drOvPEwuZdHskJmrnD83V1msaV/Jc=
github.com/docker/docker v0.0.0-20170406124027-fa3e2d5ab9b5/go.mod h1:eEKB0N0r5NX/I1kEveEz05bcu8tLC/8azJZsviup8Sk=
github.com/dustin/go-humanize v0.0.0-20170228161531-259d2a102b87 h1:uPzP/9GIqYKvZAmz4IayKMMZiWRWNtGynUREBtTXPXA=
github.com/dustin/go-humanize v0.0.0-20170228161531-259d2a102b87/go.mod h1:HtrtbFcZ19U5GC7JDqmcUSB87Iq5E25KnS6fMYU6eOk=
github.com/dylanmei/iso8601 v0.1.0 h1:812NGQDBcqquTfH5Yeo7lwR0nzx/cKdsmf3qMjPURUI=
github.com/dylanmei/iso8601 v0.1.0/go.mod h1:w9KhXSgIyROl1DefbMYIE7UVSIvELTbMrCfx+QkYnoQ=
github.com/dylanmei/winrmtest v0.0.0-20170819153634-c2fbb09e6c08/go.mod h1:VBVDFSBXCIW8JaHQpI8lldSKfYaLMzP9oyq6IJ4fhzY=
github.com/go-ini/ini v1.8.6/go.mod h1:ByCAeIL28uOIIG0E3PJtZPDL8WnHpFKFOtgjp+3Ies8=
github.com/go-ini/ini v1.25.4 h1:Mujh4R/dH6YL8bxuISne3xX2+qcQ9p0IxKAP6ExWoUo=
github.com/go-ini/ini v1.25.4/go.mod h1:ByCAeIL28uOIIG0E3PJtZPDL8WnHpFKFOtgjp+3Ies8=
github.com/golang/protobuf v0.0.0-20160203230820-b982704f8bb7/go.mod h1:6lQm79b+lXiMfvg/cZm0SGofjICqVBUtrP5yJMmIC1U=
github.com/golang/snappy v0.0.0-20180518054509-2e65f85255db h1:woRePGFeVFfLKN/pOkfl+p/TAqKOfFu+7KPlMVpok/w=
github.com/golang/snappy v0.0.0-20180518054509-2e65f85255db/go.mod h1:/XxbfmMg8lxefKM7IXC3fBNl/7bRcc72aCRzEWrmP2Q=
github.com/google/go-cmp v0.0.0-20180328201512-5411ab924f9f h1:e7go61E2Xh2l5KtL3Lh6Tjy0/T+eem0bQsDwETI7SMo=
github.com/google/go-cmp v0.0.0-20180328201512-5411ab924f9f/go.mod h1:oXzfMopK8JAjlY9xF4vHSVASa0yLyX7SntLO5aqRK0M=
github.com/google/go-querystring v0.0.0-20151028211038-2a60fc2ba6c1 h1:ULA7QZ5KGgwOBeBBCA7Xyv96fmriEfhs0D2KDRslTd8=
github.com/google/go-querystring v0.0.0-20151028211038-2a60fc2ba6c1/go.mod h1:odCYkC5MyYFN7vkCjXpyrEuKhc/BUO6wN/zVPAxq5ck=
github.com/google/shlex v0.0.0-20150127133951-6f45313302b9 h1:JM174NTeGNJ2m/oLH3UOWOvWQQKd+BoL3hcSCUWFLt0=
github.com/google/shlex v0.0.0-20150127133951-6f45313302b9/go.mod h1:RpwtwJQFrIEPstU94h88MWPXP2ektJZ8cZ0YntAmXiE=
github.com/google/uuid v0.0.0-20171129191014-dec09d789f3d h1:rXQlD9GXkjA/PQZhmEaF/8Pj/sJfdZJK7GJG0gkS8I0=
github.com/google/uuid v0.0.0-20171129191014-dec09d789f3d/go.mod h1:TIyPZe4MgqvfeYDBFedMoGGpEw/LqOeaOT+nhxU+yHo=
github.com/gophercloud/gophercloud v0.0.0-20180815020510-83835c772d1a h1:BYGFl3ozKqWP2FnV4hyr8pNvBBLvyoREM4H6Un75wQ4=
github.com/gophercloud/gophercloud v0.0.0-20180815020510-83835c772d1a/go.mod h1:3WdhXV3rUYy9p6AUW8d94kr+HS62Y4VL9mBnFxsD8q4=
github.com/gophercloud/utils v0.0.0-20180806215700-d6e28a8b3199 h1:mmwryCmmFkCxL3t5r6syrbk1eyP6tP9q/whDdAiM9Mw=
github.com/gophercloud/utils v0.0.0-20180806215700-d6e28a8b3199/go.mod h1:wjDF8z83zTeg5eMLml5EBSlAhbF7G8DobyI1YsMuyzw=
github.com/gorilla/websocket v0.0.0-20170319172727-a91eba7f9777 h1:JIM+OacoOJRU30xpjMf8sulYqjr0ViA3WDrTX6j/yDI=
github.com/gorilla/websocket v0.0.0-20170319172727-a91eba7f9777/go.mod h1:E7qHFY5m1UJ88s3WnNqhKjPHQ0heANvMoAMk2YaljkQ=
github.com/hashicorp/atlas-go v0.0.0-20170808162531-17522f63497e/go.mod h1:ckHDuH0pxfnmXZkq1niVSguIIV0pA65gifQv3so9llw=
github.com/hashicorp/consul v0.0.0-20180807174550-3e6313bebbf0 h1:vh/G7ew4mi/FcKNrRk4x1N1fWYzYB5/AaSHr9W+wrF4=
github.com/hashicorp/consul v0.0.0-20180807174550-3e6313bebbf0/go.mod h1:mFrjN1mfidgJfYP1xrJCF+AfRhr6Eaqhb2+sfyn/OOI=
github.com/hashicorp/errwrap v0.0.0-20141028054710-7554cd9344ce h1:prjrVgOk2Yg6w+PflHoszQNLTUh4kaByUcEWM/9uin4=
github.com/hashicorp/errwrap v0.0.0-20141028054710-7554cd9344ce/go.mod h1:YH+1FKiLXxHSkmPseP+kNlulaMuP3n2brvKWEqk/Jc4=
github.com/hashicorp/go-checkpoint v0.0.0-20171009173528-1545e56e46de h1:XDCSythtg8aWSRSO29uwhgh7b127fWr+m5SemqjSUL8=
github.com/hashicorp/go-checkpoint v0.0.0-20171009173528-1545e56e46de/go.mod h1:xIwEieBHERyEvaeKF/TcHh1Hu+lxPM+n2vT1+g9I4m4=
github.com/hashicorp/go-cleanhttp v0.0.0-20160217214820-875fb671b3dd h1:g63OFYSdtNzMg+OszHIUmlRweTB2syHVsZDBKoa1km8=
github.com/hashicorp/go-cleanhttp v0.0.0-20160217214820-875fb671b3dd/go.mod h1:JpRdi6/HCYpAwUzNwuwqhbovhLtngrth3wmdIIUrZ80=
github.com/hashicorp/go-immutable-radix v0.0.0-20180129170900-7f3cd4390caa h1:0nA8i+6Rwqaq9xlpmVxxTwk6rxiEhX+E6Wh4vPNHiS8=
github.com/hashicorp/go-immutable-radix v0.0.0-20180129170900-7f3cd4390caa/go.mod h1:6ij3Z20p+OhOkCSrA0gImAWoHYQRGbnlcuk6XYTiaRw=
github.com/hashicorp/go-multierror v0.0.0-20150916205742-d30f09973e19 h1:gb61U/o4ZJ6TRYvZqJUKYidIhJOEAvNyVMesryROxAY=
github.com/hashicorp/go-multierror v0.0.0-20150916205742-d30f09973e19/go.mod h1:JMRHfdO9jKNzS/+BTlxCjKNQHg/jZAft8U7LloJvN7I=
github.com/hashicorp/go-oracle-terraform v0.0.0-20181016190316-007121241b79 h1:RKu7yAXZTaQsxj1K9GDsh+QVw0+Wu1SWHxtbFN0n+hE=
github.com/hashicorp/go-oracle-terraform v0.0.0-20181016190316-007121241b79/go.mod h1:09jT3Y/OIsjTjQ2+3bkVNPDKqWcGIYYvjB2BEKVUdvc=
github.com/hashicorp/go-retryablehttp v0.0.0-20180718195005-e651d75abec6 h1:qCv4319q2q7XKn0MQbi8p37hsJ+9Xo8e6yojA73JVxk=
github.com/hashicorp/go-retryablehttp v0.0.0-20180718195005-e651d75abec6/go.mod h1:fXcdFsQoipQa7mwORhKad5jmDCeSy/RCGzWA08PO0lM=
github.com/hashicorp/go-rootcerts v0.0.0-20160503143440-6bb64b370b90 h1:9HVkPxOpo+yO93Ah4yrO67d/qh0fbLLWbKqhYjyHq9A=
github.com/hashicorp/go-rootcerts v0.0.0-20160503143440-6bb64b370b90/go.mod h1:o4zcYY1e0GEZI6eSEr+43QDYmuGglw1qSO6qdHUHCgg=
github.com/hashicorp/go-sockaddr v0.0.0-20180320115054-6d291a969b86 h1:7YOlAIO2YWnJZkQp7B5eFykaIY7C9JndqAFQyVV5BhM=
github.com/hashicorp/go-sockaddr v0.0.0-20180320115054-6d291a969b86/go.mod h1:7Xibr9yA9JjQq1JpNB2Vw7kxv8xerXegt+ozgdvDeDU=
github.com/hashicorp/go-uuid v0.0.0-20160329185618-73d19cdc2bf0 h1:YnYV/qHLtjZmhFnWaSsNqVAUhxCuPKRe5wDGpOKYL/U=
github.com/hashicorp/go-uuid v0.0.0-20160329185618-73d19cdc2bf0/go.mod h1:6SBZvOh/SIDV7/2o3Jml5SYk/TvGqwFJ/bN7x4byOro=
github.com/hashicorp/go-version v0.0.0-20160119211326-7e3c02b30806 h1:0MKTKHll8VOZ0ciR+yTIEJ8JrT0UUiRDsgtujJT7a8U=
github.com/hashicorp/go-version v0.0.0-20160119211326-7e3c02b30806/go.mod h1:fltr4n8CU8Ke44wwGCBoEymUuxUHl09ZGVZPK5anwXA=
github.com/hashicorp/golang-lru v0.0.0-20180201235237-0fb14efe8c47 h1:UnszMmmmm5vLwWzDjTFVIkfhvWF1NdrmChl8L2NUDCw=
github.com/hashicorp/golang-lru v0.0.0-20180201235237-0fb14efe8c47/go.mod h1:/m3WP610KZHVQ1SGc6re/UDhFvYD7pJ4Ao+sR/qLZy8=
github.com/hashicorp/hcl v0.0.0-20180404174102-ef8a98b0bbce h1:xdsDDbiBDQTKASoGEZ+pEmF1OnWuu8AQ9I8iNbHNeno=
github.com/hashicorp/hcl v0.0.0-20180404174102-ef8a98b0bbce/go.mod h1:oZtUIOe8dh44I2q6ScRibXws4Ajl+d+nod3AaR9vL5w=
github.com/hashicorp/serf v0.0.0-20180530155958-984a73625de3 h1:NUr1hG6WO9sI1x8ofSimmpqfJ+rEHiHP/PLEA33rcfQ=
github.com/hashicorp/serf v0.0.0-20180530155958-984a73625de3/go.mod h1:h/Ru6tmZazX7WO/GDmwdpS975F019L4t5ng5IgwbNrE=
github.com/hashicorp/vault v0.0.0-20180724215049-b9adaf9c6959 h1:PyVs2CB7Hxgl1kU0tWAVpagLK3N+MC0eeyKmG+L5VPI=
github.com/hashicorp/vault v0.0.0-20180724215049-b9adaf9c6959/go.mod h1:KfSyffbKxoVyspOdlaGVjIuwLobi07qD1bAbosPMpP0=
github.com/hashicorp/yamux v0.0.0-20151129044643-df949784da9e h1:R35YxgX/iWqsDjzoNO/7uFf8vjcgBIc02rvaV/Vr15c=
github.com/hashicorp/yamux v0.0.0-20151129044643-df949784da9e/go.mod h1:+NfK9FKeTrX5uv1uIXGdwYDTeHna2qgaIlx54MXqjAM=
github.com/hetznercloud/hcloud-go v0.0.0-20181016094819-eaf050e4f370 h1:I1Qmx2XRn+A6wNYJErMKlvC1NQxVlu4D21Dq6F7A1x8=
github.com/hetznercloud/hcloud-go v0.0.0-20181016094819-eaf050e4f370/go.mod h1:g5pff0YNAZywQaivY/CmhUYFVp7oP0nu3MiODC2W4Hw=
github.com/jmespath/go-jmespath v0.0.0-20151208071831-c01cf91b0118/go.mod h1:Nht3zPeWKUH0NzdCt2Blrr5ys8VGpn0CEB0cQHVjt7k=
github.com/jmespath/go-jmespath v0.0.0-20160202185014-0b12d6b521d8 h1:12VvqtR6Aowv3l/EQUlocDHW2Cp4G9WJVH7uyH8QFJE=
github.com/jmespath/go-jmespath v0.0.0-20160202185014-0b12d6b521d8/go.mod h1:Nht3zPeWKUH0NzdCt2Blrr5ys8VGpn0CEB0cQHVjt7k=
github.com/joyent/triton-go v0.0.0-20180116165742-545edbe0d564 h1:+HMa2xWQOm+9ebsl0+XsuLaPuFCxExv3sCXo5psVzYI=
github.com/joyent/triton-go v0.0.0-20180116165742-545edbe0d564/go.mod h1:U+RSyWxWd04xTqnuOQxnai7XGS2PrPY2cfGoDKtMHjA=
github.com/kardianos/osext v0.0.0-20170510131534-ae77be60afb1 h1:PJPDf8OUfOK1bb/NeTKd4f1QXZItOX389VN3B6qC8ro=
github.com/kardianos/osext v0.0.0-20170510131534-ae77be60afb1/go.mod h1:1NbS8ALrpOvjt0rHPNLyCIeMtbizbir8U//inJ+zuB8=
github.com/klauspost/compress v0.0.0-20160131094358-f86d2e6d8a77 h1:rJnR80lkojFgjdg/oQPhbZoY8t8uM51XMz8DrJrjabk=
github.com/klauspost/compress v0.0.0-20160131094358-f86d2e6d8a77/go.mod h1:RyIbtBH6LamlWaDj8nUwkbUhJ87Yi3uG0guNDohfE1A=
github.com/klauspost/cpuid v0.0.0-20160106104451-349c67577817 h1:/7pPahIC+GoCm/euDCi2Pm29bAj9tc6TcK4Zcc8D3WI=
github.com/klauspost/cpuid v0.0.0-20160106104451-349c67577817/go.mod h1:Pj4uuM528wm8OyEC2QMXAi2YiTZ96dNQPGgoMS4s3ek=
github.com/klauspost/crc32 v0.0.0-20160114101742-999f3125931f h1:UD9YLTi2aBhdOOThzatodQ/pGd9nd5255swS+UzHZj4=
github.com/klauspost/crc32 v0.0.0-20160114101742-999f3125931f/go.mod h1:+ZoRqAPRLkC4NPOvfYeR5KNOrY6TD+/sAC3HXPZgDYg=
github.com/klauspost/pgzip v0.0.0-20151221113845-47f36e165cec h1:PYqF3Tiz2W2Ag0ezyDhAobWDWlrFv7U+qct4spLeDBM=
github.com/klauspost/pgzip v0.0.0-20151221113845-47f36e165cec/go.mod h1:Ch1tH69qFZu15pkjo5kYi6mth2Zzwzt50oCQKQE9RUs=
github.com/kr/fs v0.0.0-20131111012553-2788f0dbd169 h1:YUrU1/jxRqnt0PSrKj1Uj/wEjk/fjnE80QFfi2Zlj7Q=
github.com/kr/fs v0.0.0-20131111012553-2788f0dbd169/go.mod h1:glhvuHOU9Hy7/8PwwdtnarXqLagOX0b/TbZx2zLMqEg=
github.com/marstr/guid v0.0.0-20170427235115-8bdf7d1a087c h1:N7uWGS2fTwH/4BwxbHiJZNAFTSJ5yPU0emHsQWvkxEY=
github.com/marstr/guid v0.0.0-20170427235115-8bdf7d1a087c/go.mod h1:74gB1z2wpxxInTG6yaqA7KrtM0NZ+RbrcqDvYHefzho=
github.com/masterzen/azure-sdk-for-go v0.0.0-20161014135628-ee4f0065d00c h1:FMUOnVGy8nWk1cvlMCAoftRItQGMxI0vzJ3dQjeZTCE=
github.com/masterzen/azure-sdk-for-go v0.0.0-20161014135628-ee4f0065d00c/go.mod h1:mf8fjOu33zCqxUjuiU3I8S1lJMyEAlH+0F2+M5xl3hE=
github.com/masterzen/simplexml v0.0.0-20140219194429-95ba30457eb1 h1:cLEbk5d4t8CDqmQtCMc2lk91cflxOrj31k9LTIabPoA=
github.com/masterzen/simplexml v0.0.0-20140219194429-95ba30457eb1/go.mod h1:kCEbxUJlNDEBNbdQMkPSp6yaKcRXVI6f4ddk8Riv4bc=
github.com/masterzen/winrm v0.0.0-20180224160350-7e40f93ae939 h1:cRFHA33ER97Xy5jmjS519OXCS/yE3AT3zdbQAg0Z53g=
github.com/masterzen/winrm v0.0.0-20180224160350-7e40f93ae939/go.mod h1:CfZSN7zwz5gJiFhZJz49Uzk7mEBHIceWmbFmYx7Hf7E=
github.com/mattn/go-isatty v0.0.0-20151211000621-56b76bdf51f7 h1:owMyzMR4QR+jSdlfkX9jPU3rsby4++j99BfbtgVr6ZY=
github.com/mattn/go-isatty v0.0.0-20151211000621-56b76bdf51f7/go.mod h1:M+lRXTBqGeGNdLjl/ufCoiOlB5xdOkqRJdNxMWT7Zi4=
github.com/mattn/go-runewidth v0.0.0-20170510074858-97311d9f7767 h1:Nk2R0tWpD2RdkQ+53zE6kWnSGuhQyDlnOs2MPiqVubE=
github.com/mattn/go-runewidth v0.0.0-20170510074858-97311d9f7767/go.mod h1:LwmH8dsx7+W8Uxz3IHJYH5QSwggIsqBzpuz5H//U1FU=
github.com/mitchellh/cli v0.0.0-20170908181043-65fcae5817c8 h1:ZPmOsqSxGDUqFp0ErYpJDIfaBRBGvQv0qDPr37kZBrk=
github.com/mitchellh/cli v0.0.0-20170908181043-65fcae5817c8/go.mod h1:oGumspjLm2kTyiT1QMGpFqRlmxnKHfCvhZEVnx+5UeE=
github.com/mitchellh/go-fs v0.0.0-20180402234041-7b48fa161ea7 h1:PXPMDtfqV+rZJshQHOiwUFqlqErXaAcuWy+/ZmyRfNc=
github.com/mitchellh/go-fs v0.0.0-20180402234041-7b48fa161ea7/go.mod h1:g7SZj7ABpStq3tM4zqHiVEG5un/DZ1+qJJKO7qx1EvU=
github.com/mitchellh/go-homedir v0.0.0-20151025052427-d682a8f0cf13 h1:VWOqu/UItbEBupQwKkabbfnoEbgAE4IGjZBH2MFx8jY=
github.com/mitchellh/go-homedir v0.0.0-20151025052427-d682a8f0cf13/go.mod h1:SfyaCUpYCn1Vlf4IUYiD9fPX4A5wJrkLzIz1N1q0pr0=
github.com/mitchellh/go-vnc v0.0.0-20150629162542-723ed9867aed h1:FI2NIv6fpef6BQl2u3IZX/Cj20tfypRF4yd+uaHOMtI=
github.com/mitchellh/go-vnc v0.0.0-20150629162542-723ed9867aed/go.mod h1:3rdaFaCv4AyBgu5ALFM0+tSuHrBh6v692nyQe3ikrq0=
github.com/mitchellh/iochan v0.0.0-20150529224432-87b45ffd0e95 h1:aHWVygBsLb+Kls/35B3tevL1hvDxZ0UklPA0BmhqTEk=
github.com/mitchellh/iochan v0.0.0-20150529224432-87b45ffd0e95/go.mod h1:JwYml1nuB7xOzsp52dPpHFffvOCDupsG0QubkSMEySY=
github.com/mitchellh/mapstructure v0.0.0-20180111000720-b4575eea38cc h1:5T6hzGUO5OrL6MdYXYoLQtRWJDDgjdlOVBn9mIqGY1g=
github.com/mitchellh/mapstructure v0.0.0-20180111000720-b4575eea38cc/go.mod h1:FVVH3fgwuzCH5S8UJGiWEs2h04kUh9fWfEaFds41c1Y=
github.com/mitchellh/panicwrap v0.0.0-20170106182340-fce601fe5557 h1:w1QuuAA2km2Hax+EPamrq5ZRBeaNv2vsjvgB4an0zoU=
github.com/mitchellh/panicwrap v0.0.0-20170106182340-fce601fe5557/go.mod h1:QuAqW7/z+iv6aWFJdrA8kCbsF0OOJVKCICqTcYBexuY=
github.com/mitchellh/prefixedio v0.0.0-20151214002211-6e6954073784 h1:+DAetXqxv/mSyCkE9KBIYOZs9b68y7SUaDCxQMRjA68=
github.com/mitchellh/prefixedio v0.0.0-20151214002211-6e6954073784/go.mod h1:kB1naBgV9ORnkiTVeyJOI1DavaJkG4oNIq0Af6ZVKUo=
github.com/mitchellh/reflectwalk v0.0.0-20150527153153-eecf4c70c626 h1:88u9H4mNODBcQUwlNpl6+jBhdoYT3WSi0w4hpYaYZ/o=
github.com/mitchellh/reflectwalk v0.0.0-20150527153153-eecf4c70c626/go.mod h1:mSTlrgnPZtwu0c4WaC2kGObEpuNDbx0jmZXqmk4esnw=
github.com/moul/anonuuid v0.0.0-20160222162117-609b752a95ef h1:E/seV1Rtsnr2juBw1Dfz4iDPT3/5s1H/BATx+ePmSyo=
github.com/moul/anonuuid v0.0.0-20160222162117-609b752a95ef/go.mod h1:LgKrp0Iss/BVwquptq4eIe6HPr0s3t1WHT5x0qOh14U=
github.com/moul/gotty-client v0.0.0-20180327180212-b26a57ebc215 h1:y6FZWUBBt1iPmJyGbGza3ncvVBMKzgd32oFChRZR7Do=
github.com/moul/gotty-client v0.0.0-20180327180212-b26a57ebc215/go.mod h1:CxM/JGtpRrEPve5H04IhxJrGhxgwxMc6jSP2T4YD60w=
github.com/nu7hatch/gouuid v0.0.0-20131221200532-179d4d0c4d8d h1:VhgPp6v9qf9Agr/56bj7Y/xa04UccTW04VP0Qed4vnQ=
github.com/nu7hatch/gouuid v0.0.0-20131221200532-179d4d0c4d8d/go.mod h1:YUTz3bUH2ZwIWBy3CJBeOBEugqcmXREj14T+iG/4k4U=
github.com/olekukonko/tablewriter v0.0.0-20180105111133-96aac992fc8b h1:LGItPaClbzopugAomw5VFKnG3h1dUr9QW5KOU+m8gu0=
github.com/olekukonko/tablewriter v0.0.0-20180105111133-96aac992fc8b/go.mod h1:vsDQFd/mU46D+Z4whnwzcISnGGzXWMclvtLoiIKAKIo=
github.com/oracle/oci-go-sdk v1.8.0 h1:4SO45bKV0I3/Mn1os3ANDZmV0eSE5z5CLdSUIkxtyzs=
github.com/oracle/oci-go-sdk v1.8.0/go.mod h1:VQb79nF8Z2cwLkLS35ukwStZIg5F66tcBccjip/j888=
github.com/packer-community/winrmcp v0.0.0-20180921204643-0fd363d6159a h1:A3QMuteviunoaY/8ex+RKFqwhcZJ/Cf3fCW3IwL2wx4=
github.com/packer-community/winrmcp v0.0.0-20180921204643-0fd363d6159a/go.mod h1:f6Izs6JvFTdnRbziASagjZ2vmf55NSIkC/weStxCHqk=
github.com/pierrec/lz4 v0.0.0-20160112163551-383c0d87b5dd h1:0EXhZlgCFcAZjhD6f6yqIINBBBym9seHr6AkvAWUgN8=
github.com/pierrec/lz4 v0.0.0-20160112163551-383c0d87b5dd/go.mod h1:pdkljMzZIN41W+lC3N2tnIh5sFi+IEE17M5jbnwPHcY=
github.com/pierrec/xxHash v0.0.0-20160112165351-5a004441f897 h1:jp3jc/PyyTrTKjJJ6rWnhTbmo7tGgBFyG9AL5FIrO1I=
github.com/pierrec/xxHash v0.0.0-20160112165351-5a004441f897/go.mod h1:w2waW5Zoa/Wc4Yqe0wgrIYAGKqRMf7czn2HNKXmuL+I=
github.com/pkg/errors v0.0.0-20171216070316-e881fd58d78e h1:+RHxT/gm0O3UF7nLJbdNzAmULvCFt4XfXHWzh3XI/zs=
github.com/pkg/errors v0.0.0-20171216070316-e881fd58d78e/go.mod h1:bwawxfHBFNV+L2hUp1rHADufV3IMtnDRdf1r5NINEl0=
github.com/pkg/sftp v0.0.0-20160118190721-e84cc8c755ca h1:k8gsErq3rkcbAyCnpOycQsbw88NjCHk7L3KfBZKhQDQ=
github.com/pkg/sftp v0.0.0-20160118190721-e84cc8c755ca/go.mod h1:NxmoDg/QLVWluQDUYG7XBZTLUpKeFa8e3aMf1BfjyHk=
github.com/pmezard/go-difflib v1.0.0/go.mod h1:iKH77koFhYxTK1pcRnkKkqfTogsbg7gZNVY4sRDYZ/4=
github.com/posener/complete v0.0.0-20170908125245-88e59760adad h1:jTlrcNQXxCpT8NU0MG1aiUkfAiTlm+W6KPScysqjvdA=
github.com/posener/complete v0.0.0-20170908125245-88e59760adad/go.mod h1:em0nMJCgc9GFtwrmVmEMR/ZL6WyhyjMBndrE9hABlRI=
github.com/profitbricks/profitbricks-sdk-go v4.0.2+incompatible h1:ZoVHH6voxW9Onzo6z2yLtocVoN6mBocyDoqoyAMHokE=
github.com/profitbricks/profitbricks-sdk-go v4.0.2+incompatible/go.mod h1:T3/WrziK7fYH3C8ilAFAHe99R452/IzIG3YYkqaOFeQ=
github.com/renstrom/fuzzysearch v0.0.0-20160331204855-2d205ac6ec17 h1:4qPms2txLWMLXKzqlnYSulKRS4cS9aYgPtAEpUelQok=
github.com/renstrom/fuzzysearch v0.0.0-20160331204855-2d205ac6ec17/go.mod h1:SAEjPB4voP88qmWJXI7mA5m15uNlEnuHLx4Eu2mPGpQ=
github.com/rwtodd/Go.Sed v0.0.0-20170507045331-d6d5d585814e h1:lN+IKs+Jb9uwDOMO4VJZzH9vOjjist0THR5s9akp+Ss=
github.com/rwtodd/Go.Sed v0.0.0-20170507045331-d6d5d585814e/go.mod h1:8AEUvGVi2uQ5b24BIhcr0GCcpd/RNAFWaN2CJFrWIIQ=
github.com/ryanuber/go-glob v0.0.0-20170128012129-256dc444b735 h1:7YvPJVmEeFHR1Tj9sZEYsmarJEQfMVYpd/Vyy/A8dqE=
github.com/ryanuber/go-glob v0.0.0-20170128012129-256dc444b735/go.mod h1:807d1WSdnB0XRJzKNil9Om6lcp/3a0v4qIHxIXzX/Yc=
github.com/satori/go.uuid v0.0.0-20170321230731-5bf94b69c6b6 h1:7PFDlUz5/yGp8w21PuZGgEfN7ZF7OXvgAIDjwih82Gs=
github.com/satori/go.uuid v0.0.0-20170321230731-5bf94b69c6b6/go.mod h1:dA0hQrYB0VpLJoorglMZABFdXlWrHn1NEOzdhQKdks0=
github.com/satori/uuid v0.0.0-20170321230731-5bf94b69c6b6/go.mod h1:B8HLsPLik/YNn6KKWVMDJ8nzCL8RP5WyfsnmvnAEwIU=
github.com/scaleway/scaleway-cli v0.0.0-20180921094345-7b12c9699d70 h1:DaqC32ZwOuO4ctgg9qAdKnlQxwFPkKmCOEqwSNwYy7c=
github.com/scaleway/scaleway-cli v0.0.0-20180921094345-7b12c9699d70/go.mod h1:XjlXWPd6VONhsRSEuzGkV8mzRpH7ou1cdLV7IKJk96s=
github.com/sirupsen/logrus v0.0.0-20180315010703-90150a8ed11b h1:m1cItYkpJSJ3ZKPEV/XKbZTcCaJHY1qF+R9GisLZ4kw=
github.com/sirupsen/logrus v0.0.0-20180315010703-90150a8ed11b/go.mod h1:pMByvHTf9Beacp5x1UXfOR9xyW/9antXMhjMPG0dEzc=
github.com/stretchr/objx v0.1.0/go.mod h1:HFkY916IF+rwdDfMAkV7OtwuqBVzrE8GR6GFx+wExME=
github.com/stretchr/testify v1.2.1/go.mod h1:a8OnRcib4nhh0OaRAV+Yts87kKdq0PP7pXfy6kDkUVs=
github.com/tent/http-link-go v0.0.0-20130702225549-ac974c61c2f9 h1:/Bsw4C+DEdqPjt8vAqaC9LAqpAQnaCQQqmolqq3S1T4=
github.com/tent/http-link-go v0.0.0-20130702225549-ac974c61c2f9/go.mod h1:RHkNRtSLfOK7qBTHaeSX1D6BNpI3qw7NTxsmNr4RvN8=
github.com/ugorji/go v0.0.0-20151218193438-646ae4a518c1 h1:U6ufy3mLDgg9RYupntOvAF7xCmNNquyKaYaaVHo1Nnk=
github.com/ugorji/go v0.0.0-20151218193438-646ae4a518c1/go.mod h1:hnLbHMwcvSihnDhEfx2/BzKp2xb0Y+ErdfYcrs9tkJQ=
github.com/ulikunitz/xz v0.0.0-20180703112113-636d36a76670 h1:HQWT4ta3wW5GZ790GaqLCS+w1dvuA3rMfEQxLi+UOYU=
github.com/ulikunitz/xz v0.0.0-20180703112113-636d36a76670/go.mod h1:2bypXElzHzzJZwzH67Y6wb67pO62Rzfn7BSiF4ABRW8=
github.com/vmware/govmomi v0.0.0-20170707011325-c2105a174311 h1:s5pyxd5S6wRs2WpEE0xRfWUF46Wbz44h203KnbX0ecI=
github.com/vmware/govmomi v0.0.0-20170707011325-c2105a174311/go.mod h1:URlwyTFZX72RmxtxuaFL2Uj3fD1JTvZdx59bHWk6aFU=
github.com/xanzy/go-cloudstack v2.1.4+incompatible h1:5c72sRFakVv8wH/HsQFg+xr37CmNQU2UbJfaBjW5f0c=
github.com/xanzy/go-cloudstack v2.1.4+incompatible/go.mod h1:s3eL3z5pNXF5FVybcT+LIVdId8pYn709yv6v5mrkrQE=
golang.org/x/crypto v0.0.0-20180322175230-88942b9c40a4/go.mod h1:6SG95UA2DQfeDnfUPMdvaQW0Q7yPrPDi9nlGo2tz2b4=
golang.org/x/net v0.0.0-20180719180050-a680a1efc54d h1:i6RB+Qz1ug7TvJdY4zieRMpnLAtkHSHTOvApNXfLT4A=
golang.org/x/net v0.0.0-20180719180050-a680a1efc54d/go.mod h1:mL1N/T3taQHkDXs73rZJwtUhF3w3ftmwwsq0BUmARs4=
golang.org/x/oauth2 v0.0.0-20160121061903-8a57ed94ffd4 h1:9XepZslbsnDusjUYh6+WSErDUzVo/HMQEYzWVxp3Wg4=
golang.org/x/oauth2 v0.0.0-20160121061903-8a57ed94ffd4/go.mod h1:N/0e6XlmueqKjAGxoOufVs8QHGRruUQn6yWY3a++T0U=
golang.org/x/sync v0.0.0-20170317231601-5a06fca2c336 h1:wAXSJAibyxWKRVHDNP2Co1zh7bRL9wiIZa+nsM5iLV4=
golang.org/x/sync v0.0.0-20170317231601-5a06fca2c336/go.mod h1:RxMgew5VJxzue5/jJTE5uejpjVlOe/izrB70Jof72aM=
golang.org/x/sys v0.0.0-20180326154331-13d03a9a82fb h1:w1eDrzbtlRsu1SyjnZZFUBVuhRN2Rn6DlrHCx9s4ud0=
golang.org/x/sys v0.0.0-20180326154331-13d03a9a82fb/go.mod h1:STP8DvDyc/dI5b8T5hshtkjS+E42TnysNCUPdjciGhY=
golang.org/x/text v0.0.0-20180708171225-0605a8320ace h1:3mpprtjg+Ub12Q3O5M02xoGQjF0M93WOKTMkXzYE+f4=
golang.org/x/text v0.0.0-20180708171225-0605a8320ace/go.mod h1:NqM8EUOU14njkJ3fqMW+pc6Ldnwhi/IjpwHt7yyuwOQ=
golang.org/x/time v0.0.0-20180412165947-fbb02b2291d2/go.mod h1:tRJNPiyCQ0inRvYxbN9jk5I+vvW/OXSQhTDSoE431IQ=
google.golang.org/api v0.0.0-20180818000503-e21acd801f91/go.mod h1:4mhQ8q/RsB7i+udVvVy5NUi08OU8ZlA0gRVgrF7VFY0=
google.golang.org/appengine v0.0.0-20160118045125-6bde959377a9/go.mod h1:EbEs0AVv82hx2wNQdGPgUI5lhzA/G0D9YwlJXL52JkM=
google.golang.org/cloud v0.0.0-20160202182918-5a3b06f8b5da h1:GqvJK5t3NykRbh1/2caGotUhCjk8d2UWK9zvYwnT7Xs=
google.golang.org/cloud v0.0.0-20160202182918-5a3b06f8b5da/go.mod h1:0H1ncTHf11KCFhTc/+EFRbzSCOZx+VUbRMk55Yv5MYk=
gopkg.in/check.v1 v0.0.0-20161208181325-20d25e280405/go.mod h1:Co6ibVJAznAaIkqp8huTwlJQCZ016jof/cbN4VW5Yz0=
gopkg.in/yaml.v2 v2.2.1/go.mod h1:hI93XBmqTisBFMUTm0b8Fm+jr3Dg1NNxqwp+5A1VGuI=
