# This file is autogenerated, do not edit; changes may be undone by the next 'dep ensure'.


[[projects]]
  branch = "master"
  digest = "1:bf641dbf159d010db3c6da01311806f3b85a97cf26da3299bfa690ee4caf9ae4"
  name = "github.com/Azure/go-ntlmssp"
  packages = ["."]
  pruneopts = "UT"
  revision = "4b934ac9dad38d389d34f0b98d98b2467c422012"

[[projects]]
  branch = "master"
  digest = "1:02fd483ec38dfd1231ff5a3a5ff1389042a5bb825da2b1223af0446bb3c05416"
  name = "github.com/ChrisTrenkamp/goxpath"
  packages = [
    ".",
    "internal/execxp",
    "internal/execxp/findutil",
    "internal/execxp/intfns",
    "internal/xsort",
    "lexer",
    "parser",
    "parser/pathexpr",
    "tree",
    "tree/xmltree",
    "tree/xmltree/xmlbuilder",
    "tree/xmltree/xmlele",
    "tree/xmltree/xmlnode",
    "xconst",
  ]
  pruneopts = "UT"
  revision = "c385f95c6022e7756e91beac5f5510872f7dcb7d"

[[projects]]
  digest = "1:94cad6e2359d57da6652e689189c5b6ef19f99db6304d2c41de54f6632e15143"
  name = "github.com/cheggaaa/pb"
  packages = ["."]
  pruneopts = "UT"
  revision = "1cc5bbe20449079337944d56292c7383510c534c"
  version = "v1.0.27"

[[projects]]
  digest = "1:12d4bc32014d9755850a247c43981d4b616f99c94f86247df2d6187511bfad8b"
  name = "github.com/dylanmei/iso8601"
  packages = ["."]
  pruneopts = "UT"
  revision = "2075bf119b58e5576c6ed9f867b8f3d17f2e54d4"
  version = "v0.1.0"

[[projects]]
  branch = "master"
  digest = "1:4a0c6bb4805508a6287675fac876be2ac1182539ca8a32468d8128882e9d5009"
  name = "github.com/golang/snappy"
  packages = ["."]
  pruneopts = "UT"
  revision = "2e65f85255dbc3072edf28d6b5b8efc472979f5a"

[[projects]]
  digest = "1:bfc483a051d3c7185ebeaa41b5bb67a4f76e742217bcaeab5661cc4b1320f392"
  name = "github.com/hashicorp/consul"
  packages = ["api"]
  pruneopts = "UT"
  revision = "0bddfa23a2ebe3c0773d917fc104f53d74f7a5ec"
  version = "v1.4.0"

[[projects]]
  branch = "master"
  digest = "1:07671f8997086ed115824d1974507d2b147d1e0463675ea5dbf3be89b1c2c563"
  name = "github.com/hashicorp/errwrap"
  packages = ["."]
  pruneopts = "UT"
  revision = "7554cd9344cec97297fa6649b055a8c98c2a1e55"

[[projects]]
  branch = "master"
  digest = "1:075de3352ee3366e02ab1547a3a6d9149d9fc85419212deb126baee9976a4dc5"
  name = "github.com/hashicorp/go-checkpoint"
  packages = ["."]
  pruneopts = "UT"
  revision = "1545e56e46dec3bba264e41fde2c1e2aa65b5dd4"

[[projects]]
  branch = "master"
  digest = "1:77cb3be9b21ba7f1a4701e870c84ea8b66e7d74c7c8951c58155fdadae9414ec"
  name = "github.com/hashicorp/go-cleanhttp"
  packages = ["."]
  pruneopts = "UT"
  revision = "d5fe4b57a186c716b0e00b8c301cbd9b4182694d"

[[projects]]
  branch = "master"
  digest = "1:e5048c5da80697be2fcdecc944e29d2999e01fd7f48b643168443209779f3463"
  name = "github.com/hashicorp/go-multierror"
  packages = ["."]
  pruneopts = "UT"
  revision = "b7773ae218740a7be65057fc60b366a49b538a44"

[[projects]]
  digest = "1:4112546e6964796e1c92a9ffdea8fd7ae81ffbf81eda4f946f50937e178f53da"
  name = "github.com/hashicorp/go-retryablehttp"
  packages = ["."]
  pruneopts = "UT"
  revision = "4502c0ecdaf0b50d857611af23831260f99be6bf"
  version = "v0.5.0"

[[projects]]
  branch = "master"
  digest = "1:45aad874d3c7d5e8610427c81870fb54970b981692930ec2a319ce4cb89d7a00"
  name = "github.com/hashicorp/go-rootcerts"
  packages = ["."]
  pruneopts = "UT"
  revision = "6bb64b370b90e7ef1fa532be9e591a81c3493e00"

[[projects]]
  branch = "master"
  digest = "1:14f2005c31ddf99c4a0f36fc440f8d1ac43224194c7c4a904b3c8f4ba5654d0b"
  name = "github.com/hashicorp/go-sockaddr"
  packages = ["."]
  pruneopts = "UT"
  revision = "6d291a969b86c4b633730bfc6b8b9d64c3aafed9"

[[projects]]
  branch = "master"
  digest = "1:354978aad16c56c27f57e5b152224806d87902e4935da3b03e18263d82ae77aa"
  name = "github.com/hashicorp/go-uuid"
  packages = ["."]
  pruneopts = "UT"
  revision = "27454136f0364f2d44b1276c552d69105cf8c498"

[[projects]]
  branch = "master"
  digest = "1:e12b92b8bb20af6e299e9829534cfe790857702a988d3f0443e772c9d82a4fd2"
  name = "github.com/hashicorp/go-version"
  packages = ["."]
  pruneopts = "UT"
  revision = "23480c0665776210b5fbbac6eaaee40e3e6a96b7"

[[projects]]
  digest = "1:ea40c24cdbacd054a6ae9de03e62c5f252479b96c716375aace5c120d68647c8"
  name = "github.com/hashicorp/hcl"
  packages = [
    ".",
    "hcl/ast",
    "hcl/parser",
    "hcl/scanner",
    "hcl/strconv",
    "hcl/token",
    "json/parser",
    "json/scanner",
    "json/token",
  ]
  pruneopts = "UT"
  revision = "8cb6e5b959231cc1119e43259c4a608f9c51a241"
  version = "v1.0.0"

[[projects]]
  digest = "1:fc1a33d56641cb6cc14766a1e7c976aac33f3e18ecf43dfa1cf20b937ed1eb60"
  name = "github.com/hashicorp/packer"
  packages = [
    "common",
    "common/uuid",
    "communicator/none",
    "communicator/ssh",
    "communicator/winrm",
    "helper/builder/testing",
    "helper/common",
    "helper/communicator",
    "helper/config",
    "helper/multistep",
    "helper/ssh",
    "helper/useragent",
    "packer",
    "packer/plugin",
    "packer/rpc",
    "template",
    "template/interpolate",
    "version",
  ]
  pruneopts = "UT"
  revision = "508b6efb4ababd3efa3614033f9529a30970899d"
  version = "v1.3.3"

[[projects]]
  digest = "1:0dd7b7b01769f9df356dc99f9e4144bdbabf6c79041ea7c0892379c5737f3c44"
  name = "github.com/hashicorp/serf"
  packages = ["coordinate"]
  pruneopts = "UT"
  revision = "d6574a5bb1226678d7010325fb6c985db20ee458"
  version = "v0.8.1"

[[projects]]
  digest = "1:ac52144f192f9c6a37ac9d0abdb9c837da80446a25a881db2b63c04e1259bd8a"
  name = "github.com/hashicorp/vault"
  packages = [
    "api",
    "helper/compressutil",
    "helper/consts",
    "helper/hclutil",
    "helper/jsonutil",
    "helper/parseutil",
    "helper/strutil",
  ]
  pruneopts = "UT"
  revision = "08df121c8b9adcc2b8fd55fc8506c3f9714c7e61"
  version = "v1.0.1"

[[projects]]
  branch = "master"
  digest = "1:a4826c308e84f5f161b90b54a814f0be7d112b80164b9b884698a6903ea47ab3"
  name = "github.com/hashicorp/yamux"
  packages = ["."]
  pruneopts = "UT"
  revision = "2f1d1f20f75d5404f53b9edf6b53ed5505508675"

[[projects]]
  digest = "1:9cedee824c21326bd26950bd9e1ffe9dc4e7ca03dc8634d0e6f954ee6a383172"
  name = "github.com/kr/fs"
  packages = ["."]
  pruneopts = "UT"
  revision = "1455def202f6e05b95cc7bfc7e8ae67ae5141eba"
  version = "v0.1.0"

[[projects]]
  branch = "master"
  digest = "1:2773a3d38a10f76a8ac624d50b8d6d42ab3e50224841e3c225b4aee2dc4921ba"
  name = "github.com/masterzen/azure-sdk-for-go"
  packages = [
    "core/http",
    "core/tls",
  ]
  pruneopts = "UT"
  revision = "ee4f0065d00cd12b542f18f5bc45799e88163b12"

[[projects]]
  branch = "master"
  digest = "1:a7c1ab68a6cdeffcb148dc0d8b92c897f034aa38f58b69eab9bc6e77645b26fb"
  name = "github.com/masterzen/simplexml"
  packages = ["dom"]
  pruneopts = "UT"
  revision = "4572e39b1ab9fe03ee513ce6fc7e289e98482190"

[[projects]]
  branch = "master"
  digest = "1:21990ab65086d054855aea2761ff39033a4dc083e4c4b6cb4ba1601fbf3fe91a"
  name = "github.com/masterzen/winrm"
  packages = [
    ".",
    "soap",
  ]
  pruneopts = "UT"
  revision = "7e40f93ae939004a1ef3bd5ff5c88c756ee762bb"

[[projects]]
  digest = "1:0356f3312c9bd1cbeda81505b7fd437501d8e778ab66998ef69f00d7f9b3a0d7"
  name = "github.com/mattn/go-runewidth"
  packages = ["."]
  pruneopts = "UT"
  revision = "3ee7d812e62a0804a7d0a324e0249ca2db3476d3"
  version = "v0.0.4"

[[projects]]
  branch = "master"
  digest = "1:81ffc98d4d2eff80630938db171f5b8936959cd8cefdbf2d22b2f4924aa953dc"
  name = "github.com/mitchellh/go-fs"
  packages = [
    ".",
    "fat",
  ]
  pruneopts = "UT"
  revision = "b7b9ca407ffff465de12fc37ccbb81ea8b428c43"

[[projects]]
  digest = "1:78bbb1ba5b7c3f2ed0ea1eab57bdd3859aec7e177811563edc41198a760b06af"
  name = "github.com/mitchellh/go-homedir"
  packages = ["."]
  pruneopts = "UT"
  revision = "ae18d6b8b3205b561c79e8e5f69bff09736185f4"
  version = "v1.0.0"

[[projects]]
  branch = "master"
  digest = "1:041bb70411ef6945901c63cab3bfd6a1a1de88352359ad0e6e1e86478a53d0ec"
  name = "github.com/mitchellh/iochan"
  packages = ["."]
  pruneopts = "UT"
  revision = "87b45ffd0e9581375c491fef3d32130bb15c5bd7"

[[projects]]
  branch = "master"
  digest = "1:e730597b38a4d56e2361e0b6236cb800e52c73cace2ff91396f4ff35792ddfa7"
  name = "github.com/mitchellh/mapstructure"
  packages = ["."]
  pruneopts = "UT"
  revision = "bb74f1db0675b241733089d5a1faa5dd8b0ef57b"

[[projects]]
  branch = "master"
  digest = "1:012bcbda750df8b57e302656a0820833eaa98009a7546b22620283c65996743b"
  name = "github.com/mitchellh/reflectwalk"
  packages = ["."]
  pruneopts = "UT"
  revision = "63d60e9d0dbc60cf9164e6510889b0db6683d98c"

[[projects]]
  branch = "master"
  digest = "1:0e1e5f960c58fdc677212fcc70e55042a0084d367623e51afbdb568963832f5d"
  name = "github.com/nu7hatch/gouuid"
  packages = ["."]
  pruneopts = "UT"
  revision = "179d4d0c4d8d407a32af483c2354df1d2c91e6c3"

[[projects]]
  branch = "master"
  digest = "1:b001460ea94194a5d9961274289ff5b64af7eeb724c474ce6188a4eb33bd2a0f"
  name = "github.com/packer-community/winrmcp"
  packages = ["winrmcp"]
  pruneopts = "UT"
  revision = "81144009af586de8e7729b829266f09dd0d59701"

[[projects]]
  digest = "1:e39a5ee8fcbec487f8fc68863ef95f2b025e0739b0e4aa55558a2b4cf8f0ecf0"
  name = "github.com/pierrec/lz4"
  packages = [
    ".",
    "internal/xxh32",
  ]
  pruneopts = "UT"
  revision = "635575b42742856941dbc767b44905bb9ba083f6"
  version = "v2.0.7"

[[projects]]
  digest = "1:40e195917a951a8bf867cd05de2a46aaf1806c50cf92eebf4c16f78cd196f747"
  name = "github.com/pkg/errors"
  packages = ["."]
  pruneopts = "UT"
  revision = "645ef00459ed84a119197bfb8d8205042c6df63d"
  version = "v0.8.0"

[[projects]]
  digest = "1:c3f75b2d37dbd9173203874d4767ca7241645a74a74d9bb3d0913dc15758a699"
  name = "github.com/pkg/sftp"
  packages = ["."]
  pruneopts = "UT"
  revision = "d2aa419835609d317c34baae11bc345d1f9971a7"
  version = "1.7.0"

[[projects]]
  branch = "master"
  digest = "1:454ab66154b169f4ed5a3ea52a7fe63bd6e28700e73748e617f2c66b1f1ed078"
  name = "github.com/rwtodd/Go.Sed"
  packages = ["sed"]
  pruneopts = "UT"
  revision = "d6d5d585814e4c3560c684f52e3d8aeed721313d"

[[projects]]
  digest = "1:0e792eea6c96ec55ff302ef33886acbaa5006e900fefe82689e88d96439dcd84"
  name = "github.com/ryanuber/go-glob"
  packages = ["."]
  pruneopts = "UT"
  revision = "572520ed46dbddaed19ea3d9541bdd0494163693"
  version = "v0.1"

[[projects]]
  digest = "1:48b859865fccf8a7f171535e1b9f4803057697e72aeab7f762b65fabd1ab5aa0"
  name = "github.com/ugorji/go"
  packages = ["codec"]
  pruneopts = "UT"
  revision = "646ae4a518c1c3be0739df898118d9bccf993858"

[[projects]]
  digest = "1:ee0b246399296b6a34a6e0a482f1ad2db96a3c8a14fe73e34fcfeab3fc547c9d"
  name = "github.com/vmware/govmomi"
  packages = [
    ".",
    "find",
    "list",
    "nfc",
    "object",
    "property",
    "session",
    "task",
    "vim25",
    "vim25/debug",
    "vim25/methods",
    "vim25/mo",
    "vim25/progress",
    "vim25/soap",
    "vim25/types",
    "vim25/xml",
  ]
  pruneopts = "UT"
  revision = "3617f28d167d448f93f282a867870f109516d2a5"
  version = "v0.19.0"

[[projects]]
  branch = "master"
  digest = "1:44a0ce1659d8e5c7f794588d1fe1fe22aad10e0ff1304f5b4c16bba5013efec3"
  name = "golang.org/x/crypto"
  packages = [
    "curve25519",
    "ed25519",
    "ed25519/internal/edwards25519",
    "internal/chacha20",
    "md4",
    "poly1305",
    "ssh",
    "ssh/agent",
  ]
  pruneopts = "UT"
  revision = "2d027ae1dddd4694d54f7a8b6cbe78dca8720226"

[[projects]]
  branch = "master"
  digest = "1:59d8417bed34c76b8767308835b267be5e2a5fe5b5b497194ef7c9196ce4b7ab"
  name = "golang.org/x/mobile"
  packages = ["event/key"]
  pruneopts = "UT"
  revision = "274da161099df258cb919e10e9fd0ae401e143a8"

[[projects]]
  branch = "master"
  digest = "1:0677f6b5581c61d12a5d913ca6a52c3fdb618af050112476b6f4700a6d52c4de"
  name = "golang.org/x/net"
  packages = [
    "html",
    "html/atom",
    "html/charset",
    "http/httpguts",
    "http2",
    "http2/hpack",
    "idna",
    "internal/socks",
    "proxy",
  ]
  pruneopts = "UT"
  revision = "2491c5de3490fced2f6cff376127c667efeed857"

[[projects]]
  branch = "master"
  digest = "1:48a949ee15f5f03524b792547822221b07f828dd26522b5e08688f25a10d14c1"
  name = "golang.org/x/sys"
  packages = ["unix"]
  pruneopts = "UT"
  revision = "dcdaa6325bcb8d3c07805583fe12153f08a41e2b"

[[projects]]
  digest = "1:436b24586f8fee329e0dd65fd67c817681420cda1d7f934345c13fe78c212a73"
  name = "golang.org/x/text"
  packages = [
    "collate",
    "collate/build",
    "encoding",
    "encoding/charmap",
    "encoding/htmlindex",
    "encoding/internal",
    "encoding/internal/identifier",
    "encoding/japanese",
    "encoding/korean",
    "encoding/simplifiedchinese",
    "encoding/traditionalchinese",
    "encoding/unicode",
    "internal/colltab",
    "internal/gen",
    "internal/tag",
    "internal/triegen",
    "internal/ucd",
    "internal/utf8internal",
    "language",
    "runes",
    "secure/bidirule",
    "transform",
    "unicode/bidi",
    "unicode/cldr",
    "unicode/norm",
    "unicode/rangetable",
  ]
  pruneopts = "UT"
  revision = "f21a4dfb5e38f5895301dc265a8def02365cc3d0"
  version = "v0.3.0"

[[projects]]
  branch = "master"
  digest = "1:9fdc2b55e8e0fafe4b41884091e51e77344f7dc511c5acedcfd98200003bff90"
  name = "golang.org/x/time"
  packages = ["rate"]
  pruneopts = "UT"
  revision = "85acf8d2951cb2a3bde7632f9ff273ef0379bcbd"

[solve-meta]
  analyzer-name = "dep"
  analyzer-version = 1
  input-imports = [
    "github.com/hashicorp/packer/common",
    "github.com/hashicorp/packer/communicator/ssh",
    "github.com/hashicorp/packer/helper/builder/testing",
    "github.com/hashicorp/packer/helper/communicator",
    "github.com/hashicorp/packer/helper/config",
    "github.com/hashicorp/packer/helper/multistep",
    "github.com/hashicorp/packer/packer",
    "github.com/hashicorp/packer/packer/plugin",
    "github.com/hashicorp/packer/template/interpolate",
    "github.com/vmware/govmomi",
    "github.com/vmware/govmomi/find",
    "github.com/vmware/govmomi/object",
    "github.com/vmware/govmomi/session",
    "github.com/vmware/govmomi/vim25",
    "github.com/vmware/govmomi/vim25/methods",
    "github.com/vmware/govmomi/vim25/mo",
    "github.com/vmware/govmomi/vim25/soap",
    "github.com/vmware/govmomi/vim25/types",
    "golang.org/x/crypto/ssh",
    "golang.org/x/mobile/event/key",
  ]
  solver-name = "gps-cdcl"
  solver-version = 1
